# Generated by buf. DO NOT EDIT.
version: v1
deps:
  - remote: buf.build
    owner: bnb-chain
    repository: greenfield
    commit: 02a0dc41f2ea4c5091af30b8df030b01
    digest: shake256:8cf6ee362658819720536083b7136fd4bc4bc3d43b327f885d005cb95f2b024372ac591aff60505bcaf6bd4bd4286860dd15376c8d7d3a35d96ebac49095ed71
  - remote: buf.build
    owner: cosmos
    repository: cosmos-proto
    commit: 1935555c206d4afb9e94615dfd0fad31
    digest: shake256:c74d91a3ac7ae07d579e90eee33abf9b29664047ac8816500cf22c081fec0d72d62c89ce0bebafc1f6fec7aa5315be72606717740ca95007248425102c365377
  - remote: buf.build
    owner: cosmos
    repository: cosmos-sdk
    commit: 339b0d0f9c1b460b9c4c0b06f05eb674
    digest: shake256:b2b881fd74c7ff6dd10f8e62c270d27173a2632372ba318368b5a0163d8fa6e8bc3426052a62a42265d82cca45d92c399c241bff78272da9a21992a7ac6266b3
  - remote: buf.build
    owner: cosmos
    repository: gogo-proto
    commit: 88ef6483f90f478fb938c37dde52ece3
    digest: shake256:89c45df2aa11e0cff97b0d695436713db3d993d76792e9f8dc1ae90e6ab9a9bec55503d48ceedd6b86069ab07d3041b32001b2bfe0227fa725dd515ff381e5ba
  - remote: buf.build
    owner: googleapis
    repository: googleapis
    commit: c0b37eaf6f1f43ecacbc85e4e4d1a440
    digest: shake256:7d85030c3946317f42ebdfaef9f7fa255ab395905f6becea101d691333a885b46304b0527acc194ed70b7af95e45ab4117fd2aafe679804394892339bc45b379
